
Microsoft Visual Studio Solution File, Format Version 12.00
# Visual Studio Version 16
VisualStudioVersion = 16.0.31205.134
MinimumVisualStudioVersion = 10.0.40219.1
Project("{9A19103F-16F7-4668-BE54-9A1E7A4F7556}") = "Products.Api", "Products.Api\Products.Api.csproj", "{471396B9-A7FB-4FCD-8835-44B3279ACAE2}"
EndProject
Project("{9A19103F-16F7-4668-BE54-9A1E7A4F7556}") = "ResponseMiddleware.Api", "ResponseMiddleware.Api\ResponseMiddleware.Api.csproj", "{21E662BE-DD51-4D54-85BB-6606E5A253F8}"
EndProject
Global
	GlobalSection(SolutionConfigurationPlatforms) = preSolution
		Debug|Any CPU = Debug|Any CPU
		Release|Any CPU = Release|Any CPU
	EndGlobalSection
	GlobalSection(ProjectConfigurationPlatforms) = postSolution
		{471396B9-A7FB-4FCD-8835-44B3279ACAE2}.Debug|Any CPU.ActiveCfg = Debug|Any CPU
		{471396B9-A7FB-4FCD-8835-44B3279ACAE2}.Debug|Any CPU.Build.0 = Debug|Any CPU
		{471396B9-A7FB-4FCD-8835-44B3279ACAE2}.Release|Any CPU.ActiveCfg = Release|Any CPU
		{471396B9-A7FB-4FCD-8835-44B3279ACAE2}.Release|Any CPU.Build.0 = Release|Any CPU
		{21E662BE-DD51-4D54-85BB-6606E5A253F8}.Debug|Any CPU.ActiveCfg = Debug|Any CPU
		{21E662BE-DD51-4D54-85BB-6606E5A253F8}.Debug|Any CPU.Build.0 = Debug|Any CPU
		{21E662BE-DD51-4D54-85BB-6606E5A253F8}.Release|Any CPU.ActiveCfg = Release|Any CPU
		{21E662BE-DD51-4D54-85BB-6606E5A253F8}.Release|Any CPU.Build.0 = Release|Any CPU
	EndGlobalSection
	GlobalSection(SolutionProperties) = preSolution
		HideSolutionNode = FALSE
	EndGlobalSection
	GlobalSection(ExtensibilityGlobals) = postSolution
		SolutionGuid = {776681BD-BF80-4BDA-AC6B-A261B663E3F9}
	EndGlobalSection
EndGlobal
